
Microsoft Visual Studio Solution File, Format Version 12.00
# Visual Studio Version 17
VisualStudioVersion = 17.8.34330.188
MinimumVisualStudioVersion = 10.0.40219.1
Project("{FAE04EC0-301F-11D3-BF4B-00C04F79EFBC}") = "SF_KStilesM2", "SF_KStilesM2\SF_KStilesM2.csproj", "{93EEC803-366E-4A6C-8404-9820938325C0}"
EndProject
Project("{54435603-DBB4-11D2-8724-00A0C9A8B90C}") = "PlayAway", "PlayAway\PlayAway.vdproj", "{220FEF1C-CD28-4E46-973E-90A16BA77354}"
EndProject
Global
	GlobalSection(SolutionConfigurationPlatforms) = preSolution
		Debug|Any CPU = Debug|Any CPU
		Release|Any CPU = Release|Any CPU
	EndGlobalSection
	GlobalSection(ProjectConfigurationPlatforms) = postSolution
		{93EEC803-366E-4A6C-8404-9820938325C0}.Debug|Any CPU.ActiveCfg = Debug|Any CPU
		{93EEC803-366E-4A6C-8404-9820938325C0}.Debug|Any CPU.Build.0 = Debug|Any CPU
		{93EEC803-366E-4A6C-8404-9820938325C0}.Release|Any CPU.ActiveCfg = Release|Any CPU
		{93EEC803-366E-4A6C-8404-9820938325C0}.Release|Any CPU.Build.0 = Release|Any CPU
		{220FEF1C-CD28-4E46-973E-90A16BA77354}.Debug|Any CPU.ActiveCfg = Debug
		{220FEF1C-CD28-4E46-973E-90A16BA77354}.Debug|Any CPU.Build.0 = Debug
		{220FEF1C-CD28-4E46-973E-90A16BA77354}.Release|Any CPU.ActiveCfg = Release
		{220FEF1C-CD28-4E46-973E-90A16BA77354}.Release|Any CPU.Build.0 = Release
	EndGlobalSection
	GlobalSection(SolutionProperties) = preSolution
		HideSolutionNode = FALSE
	EndGlobalSection
	GlobalSection(ExtensibilityGlobals) = postSolution
		SolutionGuid = {3A17750C-B747-4847-A02E-0D69A2B5B3E5}
	EndGlobalSection
EndGlobal
